
Microsoft Visual Studio Solution File, Format Version 12.00
# Visual Studio Version 17
VisualStudioVersion = 17.8.34309.116
MinimumVisualStudioVersion = 10.0.40219.1
Project("{FAE04EC0-301F-11D3-BF4B-00C04F79EFBC}") = "Singleton", "Singleton\Singleton.csproj", "{296BC5A7-5F61-4F2E-AABA-BFBA31B5BD83}"
EndProject
Global
	GlobalSection(SolutionConfigurationPlatforms) = preSolution
		Debug|Any CPU = Debug|Any CPU
		Release|Any CPU = Release|Any CPU
	EndGlobalSection
	GlobalSection(ProjectConfigurationPlatforms) = postSolution
		{296BC5A7-5F61-4F2E-AABA-BFBA31B5BD83}.Debug|Any CPU.ActiveCfg = Debug|Any CPU
		{296BC5A7-5F61-4F2E-AABA-BFBA31B5BD83}.Debug|Any CPU.Build.0 = Debug|Any CPU
		{296BC5A7-5F61-4F2E-AABA-BFBA31B5BD83}.Release|Any CPU.ActiveCfg = Release|Any CPU
		{296BC5A7-5F61-4F2E-AABA-BFBA31B5BD83}.Release|Any CPU.Build.0 = Release|Any CPU
	EndGlobalSection
	GlobalSection(SolutionProperties) = preSolution
		HideSolutionNode = FALSE
	EndGlobalSection
	GlobalSection(ExtensibilityGlobals) = postSolution
		SolutionGuid = {C7812FA7-76DC-4BB6-88C3-7629A34B728D}
	EndGlobalSection
EndGlobal
